
Microsoft Visual Studio Solution File, Format Version 12.00
# Visual Studio 15
VisualStudioVersion = 15.0.27130.2010
MinimumVisualStudioVersion = 10.0.40219.1
Project("{FAE04EC0-301F-11D3-BF4B-00C04F79EFBC}") = "EntityTest", "EntityTest\EntityTest.csproj", "{9E415F73-3186-4B0A-B1FE-DB1ABCDFF825}"
EndProject
Project("{FAE04EC0-301F-11D3-BF4B-00C04F79EFBC}") = "AcessoADados", "AcessoADados\AcessoADados.csproj", "{80B28EC2-4FA7-4004-B521-E3630F3E162E}"
EndProject
Project("{FAE04EC0-301F-11D3-BF4B-00C04F79EFBC}") = "Entidades", "Entidades\Entidades.csproj", "{2B4B6EB2-C212-4475-AAB0-ADAFA782D727}"
EndProject
Global
	GlobalSection(SolutionConfigurationPlatforms) = preSolution
		Debug|Any CPU = Debug|Any CPU
		Release|Any CPU = Release|Any CPU
	EndGlobalSection
	GlobalSection(ProjectConfigurationPlatforms) = postSolution
		{9E415F73-3186-4B0A-B1FE-DB1ABCDFF825}.Debug|Any CPU.ActiveCfg = Debug|Any CPU
		{9E415F73-3186-4B0A-B1FE-DB1ABCDFF825}.Debug|Any CPU.Build.0 = Debug|Any CPU
		{9E415F73-3186-4B0A-B1FE-DB1ABCDFF825}.Release|Any CPU.ActiveCfg = Release|Any CPU
		{9E415F73-3186-4B0A-B1FE-DB1ABCDFF825}.Release|Any CPU.Build.0 = Release|Any CPU
		{80B28EC2-4FA7-4004-B521-E3630F3E162E}.Debug|Any CPU.ActiveCfg = Debug|Any CPU
		{80B28EC2-4FA7-4004-B521-E3630F3E162E}.Debug|Any CPU.Build.0 = Debug|Any CPU
		{80B28EC2-4FA7-4004-B521-E3630F3E162E}.Release|Any CPU.ActiveCfg = Release|Any CPU
		{80B28EC2-4FA7-4004-B521-E3630F3E162E}.Release|Any CPU.Build.0 = Release|Any CPU
		{2B4B6EB2-C212-4475-AAB0-ADAFA782D727}.Debug|Any CPU.ActiveCfg = Debug|Any CPU
		{2B4B6EB2-C212-4475-AAB0-ADAFA782D727}.Debug|Any CPU.Build.0 = Debug|Any CPU
		{2B4B6EB2-C212-4475-AAB0-ADAFA782D727}.Release|Any CPU.ActiveCfg = Release|Any CPU
		{2B4B6EB2-C212-4475-AAB0-ADAFA782D727}.Release|Any CPU.Build.0 = Release|Any CPU
	EndGlobalSection
	GlobalSection(SolutionProperties) = preSolution
		HideSolutionNode = FALSE
	EndGlobalSection
	GlobalSection(ExtensibilityGlobals) = postSolution
		SolutionGuid = {203A505A-702C-4B34-804C-7A77C8192715}
	EndGlobalSection
EndGlobal
